// !$*UTF8*$!
{
	archiveVersion = 1;
	classes = {
	};
	objectVersion = 46;
	objects = {

/* Begin PBXBuildFile section */
		2C4769F01D5ECF7E00859063 /* NSDate+Extension.m in Sources */ = {isa = PBXBuildFile; fileRef = 2C4769D21D5ECF7E00859063 /* NSDate+Extension.m */; };
		2C4769F11D5ECF7E00859063 /* NSObject+Archiver.m in Sources */ = {isa = PBXBuildFile; fileRef = 2C4769D41D5ECF7E00859063 /* NSObject+Archiver.m */; };
		2C4769F21D5ECF7E00859063 /* NSObject+Nib.m in Sources */ = {isa = PBXBuildFile; fileRef = 2C4769D61D5ECF7E00859063 /* NSObject+Nib.m */; };
		2C4769F31D5ECF7E00859063 /* NSString+HTMLEntityDecode.m in Sources */ = {isa = PBXBuildFile; fileRef = 2C4769D81D5ECF7E00859063 /* NSString+HTMLEntityDecode.m */; };
		2C4769F41D5ECF7E00859063 /* UIBarButtonItem+Extension.m in Sources */ = {isa = PBXBuildFile; fileRef = 2C4769DA1D5ECF7E00859063 /* UIBarButtonItem+Extension.m */; };
		2C4769F51D5ECF7E00859063 /* UIColor+Extension.m in Sources */ = {isa = PBXBuildFile; fileRef = 2C4769DC1D5ECF7E00859063 /* UIColor+Extension.m */; };
		2C4769F61D5ECF7E00859063 /* UIImage+Extension.m in Sources */ = {isa = PBXBuildFile; fileRef = 2C4769DE1D5ECF7E00859063 /* UIImage+Extension.m */; };
		2C4769F71D5ECF7E00859063 /* UIImageView+Extension.m in Sources */ = {isa = PBXBuildFile; fileRef = 2C4769E01D5ECF7E00859063 /* UIImageView+Extension.m */; };
		2C4769F81D5ECF7E00859063 /* UIView+Extension.m in Sources */ = {isa = PBXBuildFile; fileRef = 2C4769E21D5ECF7E00859063 /* UIView+Extension.m */; };
		2C4769F91D5ECF7E00859063 /* ZCWKeyboardController.m in Sources */ = {isa = PBXBuildFile; fileRef = 2C4769E51D5ECF7E00859063 /* ZCWKeyboardController.m */; };
		2C4769FA1D5ECF7E00859063 /* ZCWRequestManager.m in Sources */ = {isa = PBXBuildFile; fileRef = 2C4769EA1D5ECF7E00859063 /* ZCWRequestManager.m */; };
		2C4769FC1D5ECF7E00859063 /* ZCWPageModel.m in Sources */ = {isa = PBXBuildFile; fileRef = 2C4769EF1D5ECF7E00859063 /* ZCWPageModel.m */; };
		2CAE96B61D5C340300E0F33D /* main.m in Sources */ = {isa = PBXBuildFile; fileRef = 2CAE96B51D5C340300E0F33D /* main.m */; };
		2CAE96B91D5C340300E0F33D /* AppDelegate.m in Sources */ = {isa = PBXBuildFile; fileRef = 2CAE96B81D5C340300E0F33D /* AppDelegate.m */; };
		2CAE96BC1D5C340300E0F33D /* ViewController.m in Sources */ = {isa = PBXBuildFile; fileRef = 2CAE96BB1D5C340300E0F33D /* ViewController.m */; };
		2CAE96BF1D5C340300E0F33D /* Main.storyboard in Resources */ = {isa = PBXBuildFile; fileRef = 2CAE96BD1D5C340300E0F33D /* Main.storyboard */; };
		2CAE96C11D5C340300E0F33D /* Assets.xcassets in Resources */ = {isa = PBXBuildFile; fileRef = 2CAE96C01D5C340300E0F33D /* Assets.xcassets */; };
		2CAE96C41D5C340300E0F33D /* LaunchScreen.storyboard in Resources */ = {isa = PBXBuildFile; fileRef = 2CAE96C21D5C340300E0F33D /* LaunchScreen.storyboard */; };
		2CAE96CF1D5C340300E0F33D /* ZCWCustomToolsTests.m in Sources */ = {isa = PBXBuildFile; fileRef = 2CAE96CE1D5C340300E0F33D /* ZCWCustomToolsTests.m */; };
		2CAE96DA1D5C340300E0F33D /* ZCWCustomToolsUITests.m in Sources */ = {isa = PBXBuildFile; fileRef = 2CAE96D91D5C340300E0F33D /* ZCWCustomToolsUITests.m */; };
		2CFFE9FB1D6FD77500C1EE7D /* ZCWCounter.m in Sources */ = {isa = PBXBuildFile; fileRef = 2CFFE9FA1D6FD77500C1EE7D /* ZCWCounter.m */; };
		2CFFE9FE1D6FD8DB00C1EE7D /* ZCWPageManager.m in Sources */ = {isa = PBXBuildFile; fileRef = 2CFFE9FD1D6FD8DB00C1EE7D /* ZCWPageManager.m */; };
		E321BF10042EA2B8BE2AB3FB /* libPods-ZCWCustomTools.a in Frameworks */ = {isa = PBXBuildFile; fileRef = 2ADC326DFE28719B3DFE88CB /* libPods-ZCWCustomTools.a */; };
/* End PBXBuildFile section */

/* Begin PBXContainerItemProxy section */
		2CAE96CB1D5C340300E0F33D /* PBXContainerItemProxy */ = {
			isa = PBXContainerItemProxy;
			containerPortal = 2CAE96A91D5C340300E0F33D /* Project object */;
			proxyType = 1;
			remoteGlobalIDString = 2CAE96B01D5C340300E0F33D;
			remoteInfo = ZCWCustomTools;
		};
		2CAE96D61D5C340300E0F33D /* PBXContainerItemProxy */ = {
			isa = PBXContainerItemProxy;
			containerPortal = 2CAE96A91D5C340300E0F33D /* Project object */;
			proxyType = 1;
			remoteGlobalIDString = 2CAE96B01D5C340300E0F33D;
			remoteInfo = ZCWCustomTools;
		};
/* End PBXContainerItemProxy section */

/* Begin PBXFileReference section */
		099245DBE184480429E47122 /* Pods-ZCWCustomTools.release.xcconfig */ = {isa = PBXFileReference; includeInIndex = 1; lastKnownFileType = text.xcconfig; name = "Pods-ZCWCustomTools.release.xcconfig"; path = "Pods/Target Support Files/Pods-ZCWCustomTools/Pods-ZCWCustomTools.release.xcconfig"; sourceTree = "<group>"; };
		2ADC326DFE28719B3DFE88CB /* libPods-ZCWCustomTools.a */ = {isa = PBXFileReference; explicitFileType = archive.ar; includeInIndex = 0; path = "libPods-ZCWCustomTools.a"; sourceTree = BUILT_PRODUCTS_DIR; };
		2C4769D11D5ECF7E00859063 /* NSDate+Extension.h */ = {isa = PBXFileReference; fileEncoding = 4; lastKnownFileType = sourcecode.c.h; path = "NSDate+Extension.h"; sourceTree = "<group>"; };
		2C4769D21D5ECF7E00859063 /* NSDate+Extension.m */ = {isa = PBXFileReference; fileEncoding = 4; lastKnownFileType = sourcecode.c.objc; path = "NSDate+Extension.m"; sourceTree = "<group>"; };
		2C4769D31D5ECF7E00859063 /* NSObject+Archiver.h */ = {isa = PBXFileReference; fileEncoding = 4; lastKnownFileType = sourcecode.c.h; path = "NSObject+Archiver.h"; sourceTree = "<group>"; };
		2C4769D41D5ECF7E00859063 /* NSObject+Archiver.m */ = {isa = PBXFileReference; fileEncoding = 4; lastKnownFileType = sourcecode.c.objc; path = "NSObject+Archiver.m"; sourceTree = "<group>"; };
		2C4769D51D5ECF7E00859063 /* NSObject+Nib.h */ = {isa = PBXFileReference; fileEncoding = 4; lastKnownFileType = sourcecode.c.h; path = "NSObject+Nib.h"; sourceTree = "<group>"; };
		2C4769D61D5ECF7E00859063 /* NSObject+Nib.m */ = {isa = PBXFileReference; fileEncoding = 4; lastKnownFileType = sourcecode.c.objc; path = "NSObject+Nib.m"; sourceTree = "<group>"; };
		2C4769D71D5ECF7E00859063 /* NSString+HTMLEntityDecode.h */ = {isa = PBXFileReference; fileEncoding = 4; lastKnownFileType = sourcecode.c.h; path = "NSString+HTMLEntityDecode.h"; sourceTree = "<group>"; };
		2C4769D81D5ECF7E00859063 /* NSString+HTMLEntityDecode.m */ = {isa = PBXFileReference; fileEncoding = 4; lastKnownFileType = sourcecode.c.objc; path = "NSString+HTMLEntityDecode.m"; sourceTree = "<group>"; };
		2C4769D91D5ECF7E00859063 /* UIBarButtonItem+Extension.h */ = {isa = PBXFileReference; fileEncoding = 4; lastKnownFileType = sourcecode.c.h; path = "UIBarButtonItem+Extension.h"; sourceTree = "<group>"; };
		2C4769DA1D5ECF7E00859063 /* UIBarButtonItem+Extension.m */ = {isa = PBXFileReference; fileEncoding = 4; lastKnownFileType = sourcecode.c.objc; path = "UIBarButtonItem+Extension.m"; sourceTree = "<group>"; };
		2C4769DB1D5ECF7E00859063 /* UIColor+Extension.h */ = {isa = PBXFileReference; fileEncoding = 4; lastKnownFileType = sourcecode.c.h; path = "UIColor+Extension.h"; sourceTree = "<group>"; };
		2C4769DC1D5ECF7E00859063 /* UIColor+Extension.m */ = {isa = PBXFileReference; fileEncoding = 4; lastKnownFileType = sourcecode.c.objc; path = "UIColor+Extension.m"; sourceTree = "<group>"; };
		2C4769DD1D5ECF7E00859063 /* UIImage+Extension.h */ = {isa = PBXFileReference; fileEncoding = 4; lastKnownFileType = sourcecode.c.h; path = "UIImage+Extension.h"; sourceTree = "<group>"; };
		2C4769DE1D5ECF7E00859063 /* UIImage+Extension.m */ = {isa = PBXFileReference; fileEncoding = 4; lastKnownFileType = sourcecode.c.objc; path = "UIImage+Extension.m"; sourceTree = "<group>"; };
		2C4769DF1D5ECF7E00859063 /* UIImageView+Extension.h */ = {isa = PBXFileReference; fileEncoding = 4; lastKnownFileType = sourcecode.c.h; path = "UIImageView+Extension.h"; sourceTree = "<group>"; };
		2C4769E01D5ECF7E00859063 /* UIImageView+Extension.m */ = {isa = PBXFileReference; fileEncoding = 4; lastKnownFileType = sourcecode.c.objc; path = "UIImageView+Extension.m"; sourceTree = "<group>"; };
		2C4769E11D5ECF7E00859063 /* UIView+Extension.h */ = {isa = PBXFileReference; fileEncoding = 4; lastKnownFileType = sourcecode.c.h; path = "UIView+Extension.h"; sourceTree = "<group>"; };
		2C4769E21D5ECF7E00859063 /* UIView+Extension.m */ = {isa = PBXFileReference; fileEncoding = 4; lastKnownFileType = sourcecode.c.objc; path = "UIView+Extension.m"; sourceTree = "<group>"; };
		2C4769E41D5ECF7E00859063 /* ZCWKeyboardController.h */ = {isa = PBXFileReference; fileEncoding = 4; lastKnownFileType = sourcecode.c.h; path = ZCWKeyboardController.h; sourceTree = "<group>"; };
		2C4769E51D5ECF7E00859063 /* ZCWKeyboardController.m */ = {isa = PBXFileReference; fileEncoding = 4; lastKnownFileType = sourcecode.c.objc; path = ZCWKeyboardController.m; sourceTree = "<group>"; };
		2C4769E91D5ECF7E00859063 /* ZCWRequestManager.h */ = {isa = PBXFileReference; fileEncoding = 4; lastKnownFileType = sourcecode.c.h; path = ZCWRequestManager.h; sourceTree = "<group>"; };
		2C4769EA1D5ECF7E00859063 /* ZCWRequestManager.m */ = {isa = PBXFileReference; fileEncoding = 4; lastKnownFileType = sourcecode.c.objc; path = ZCWRequestManager.m; sourceTree = "<group>"; };
		2C4769EE1D5ECF7E00859063 /* ZCWPageModel.h */ = {isa = PBXFileReference; fileEncoding = 4; lastKnownFileType = sourcecode.c.h; path = ZCWPageModel.h; sourceTree = "<group>"; };
		2C4769EF1D5ECF7E00859063 /* ZCWPageModel.m */ = {isa = PBXFileReference; fileEncoding = 4; lastKnownFileType = sourcecode.c.objc; path = ZCWPageModel.m; sourceTree = "<group>"; };
		2C6AC0B31D6BDD320024F9CF /* ZCWDefine.h */ = {isa = PBXFileReference; lastKnownFileType = sourcecode.c.h; path = ZCWDefine.h; sourceTree = "<group>"; };
		2CAE96B11D5C340300E0F33D /* ZCWCustomTools.app */ = {isa = PBXFileReference; explicitFileType = wrapper.application; includeInIndex = 0; path = ZCWCustomTools.app; sourceTree = BUILT_PRODUCTS_DIR; };
		2CAE96B51D5C340300E0F33D /* main.m */ = {isa = PBXFileReference; lastKnownFileType = sourcecode.c.objc; path = main.m; sourceTree = "<group>"; };
		2CAE96B71D5C340300E0F33D /* AppDelegate.h */ = {isa = PBXFileReference; lastKnownFileType = sourcecode.c.h; path = AppDelegate.h; sourceTree = "<group>"; };
		2CAE96B81D5C340300E0F33D /* AppDelegate.m */ = {isa = PBXFileReference; lastKnownFileType = sourcecode.c.objc; path = AppDelegate.m; sourceTree = "<group>"; };
		2CAE96BA1D5C340300E0F33D /* ViewController.h */ = {isa = PBXFileReference; lastKnownFileType = sourcecode.c.h; path = ViewController.h; sourceTree = "<group>"; };
		2CAE96BB1D5C340300E0F33D /* ViewController.m */ = {isa = PBXFileReference; lastKnownFileType = sourcecode.c.objc; path = ViewController.m; sourceTree = "<group>"; };
		2CAE96BE1D5C340300E0F33D /* Base */ = {isa = PBXFileReference; lastKnownFileType = file.storyboard; name = Base; path = Base.lproj/Main.storyboard; sourceTree = "<group>"; };
		2CAE96C01D5C340300E0F33D /* Assets.xcassets */ = {isa = PBXFileReference; lastKnownFileType = folder.assetcatalog; path = Assets.xcassets; sourceTree = "<group>"; };
		2CAE96C31D5C340300E0F33D /* Base */ = {isa = PBXFileReference; lastKnownFileType = file.storyboard; name = Base; path = Base.lproj/LaunchScreen.storyboard; sourceTree = "<group>"; };
		2CAE96C51D5C340300E0F33D /* Info.plist */ = {isa = PBXFileReference; lastKnownFileType = text.plist.xml; path = Info.plist; sourceTree = "<group>"; };
		2CAE96CA1D5C340300E0F33D /* ZCWCustomToolsTests.xctest */ = {isa = PBXFileReference; explicitFileType = wrapper.cfbundle; includeInIndex = 0; path = ZCWCustomToolsTests.xctest; sourceTree = BUILT_PRODUCTS_DIR; };
		2CAE96CE1D5C340300E0F33D /* ZCWCustomToolsTests.m */ = {isa = PBXFileReference; lastKnownFileType = sourcecode.c.objc; path = ZCWCustomToolsTests.m; sourceTree = "<group>"; };
		2CAE96D01D5C340300E0F33D /* Info.plist */ = {isa = PBXFileReference; lastKnownFileType = text.plist.xml; path = Info.plist; sourceTree = "<group>"; };
		2CAE96D51D5C340300E0F33D /* ZCWCustomToolsUITests.xctest */ = {isa = PBXFileReference; explicitFileType = wrapper.cfbundle; includeInIndex = 0; path = ZCWCustomToolsUITests.xctest; sourceTree = BUILT_PRODUCTS_DIR; };
		2CAE96D91D5C340300E0F33D /* ZCWCustomToolsUITests.m */ = {isa = PBXFileReference; lastKnownFileType = sourcecode.c.objc; path = ZCWCustomToolsUITests.m; sourceTree = "<group>"; };
		2CAE96DB1D5C340300E0F33D /* Info.plist */ = {isa = PBXFileReference; lastKnownFileType = text.plist.xml; path = Info.plist; sourceTree = "<group>"; };
		2CFFE9F91D6FD77500C1EE7D /* ZCWCounter.h */ = {isa = PBXFileReference; fileEncoding = 4; lastKnownFileType = sourcecode.c.h; path = ZCWCounter.h; sourceTree = "<group>"; };
		2CFFE9FA1D6FD77500C1EE7D /* ZCWCounter.m */ = {isa = PBXFileReference; fileEncoding = 4; lastKnownFileType = sourcecode.c.objc; path = ZCWCounter.m; sourceTree = "<group>"; };
		2CFFE9FC1D6FD8DB00C1EE7D /* ZCWPageManager.h */ = {isa = PBXFileReference; fileEncoding = 4; lastKnownFileType = sourcecode.c.h; path = ZCWPageManager.h; sourceTree = "<group>"; };
		2CFFE9FD1D6FD8DB00C1EE7D /* ZCWPageManager.m */ = {isa = PBXFileReference; fileEncoding = 4; lastKnownFileType = sourcecode.c.objc; path = ZCWPageManager.m; sourceTree = "<group>"; };
		5B966BB41399B1D45EB455CC /* Pods-ZCWCustomTools.debug.xcconfig */ = {isa = PBXFileReference; includeInIndex = 1; lastKnownFileType = text.xcconfig; name = "Pods-ZCWCustomTools.debug.xcconfig"; path = "Pods/Target Support Files/Pods-ZCWCustomTools/Pods-ZCWCustomTools.debug.xcconfig"; sourceTree = "<group>"; };
/* End PBXFileReference section */

/* Begin PBXFrameworksBuildPhase section */
		2CAE96AE1D5C340300E0F33D /* Frameworks */ = {
			isa = PBXFrameworksBuildPhase;
			buildActionMask = 2147483647;
			files = (
				E321BF10042EA2B8BE2AB3FB /* libPods-ZCWCustomTools.a in Frameworks */,
			);
			runOnlyForDeploymentPostprocessing = 0;
		};
		2CAE96C71D5C340300E0F33D /* Frameworks */ = {
			isa = PBXFrameworksBuildPhase;
			buildActionMask = 2147483647;
			files = (
			);
			runOnlyForDeploymentPostprocessing = 0;
		};
		2CAE96D21D5C340300E0F33D /* Frameworks */ = {
			isa = PBXFrameworksBuildPhase;
			buildActionMask = 2147483647;
			files = (
			);
			runOnlyForDeploymentPostprocessing = 0;
		};
/* End PBXFrameworksBuildPhase section */

/* Begin PBXGroup section */
		2C4769A11D5ECE0300859063 /* Class */ = {
			isa = PBXGroup;
			children = (
				2CFFE9F81D6FD77500C1EE7D /* Counter */,
				2C4769D01D5ECF7E00859063 /* Category */,
				2C4769E31D5ECF7E00859063 /* ZCWKeyboardController */,
				2C4769E61D5ECF7E00859063 /* ZCWNetwork */,
				2C4769EB1D5ECF7E00859063 /* ZCWPageManager */,
				2C6AC0B31D6BDD320024F9CF /* ZCWDefine.h */,
			);
			path = Class;
			sourceTree = "<group>";
		};
		2C4769D01D5ECF7E00859063 /* Category */ = {
			isa = PBXGroup;
			children = (
				2C4769D11D5ECF7E00859063 /* NSDate+Extension.h */,
				2C4769D21D5ECF7E00859063 /* NSDate+Extension.m */,
				2C4769D31D5ECF7E00859063 /* NSObject+Archiver.h */,
				2C4769D41D5ECF7E00859063 /* NSObject+Archiver.m */,
				2C4769D51D5ECF7E00859063 /* NSObject+Nib.h */,
				2C4769D61D5ECF7E00859063 /* NSObject+Nib.m */,
				2C4769D71D5ECF7E00859063 /* NSString+HTMLEntityDecode.h */,
				2C4769D81D5ECF7E00859063 /* NSString+HTMLEntityDecode.m */,
				2C4769D91D5ECF7E00859063 /* UIBarButtonItem+Extension.h */,
				2C4769DA1D5ECF7E00859063 /* UIBarButtonItem+Extension.m */,
				2C4769DB1D5ECF7E00859063 /* UIColor+Extension.h */,
				2C4769DC1D5ECF7E00859063 /* UIColor+Extension.m */,
				2C4769DD1D5ECF7E00859063 /* UIImage+Extension.h */,
				2C4769DE1D5ECF7E00859063 /* UIImage+Extension.m */,
				2C4769DF1D5ECF7E00859063 /* UIImageView+Extension.h */,
				2C4769E01D5ECF7E00859063 /* UIImageView+Extension.m */,
				2C4769E11D5ECF7E00859063 /* UIView+Extension.h */,
				2C4769E21D5ECF7E00859063 /* UIView+Extension.m */,
			);
			path = Category;
			sourceTree = "<group>";
		};
		2C4769E31D5ECF7E00859063 /* ZCWKeyboardController */ = {
			isa = PBXGroup;
			children = (
				2C4769E41D5ECF7E00859063 /* ZCWKeyboardController.h */,
				2C4769E51D5ECF7E00859063 /* ZCWKeyboardController.m */,
			);
			path = ZCWKeyboardController;
			sourceTree = "<group>";
		};
		2C4769E61D5ECF7E00859063 /* ZCWNetwork */ = {
			isa = PBXGroup;
			children = (
				2C4769E71D5ECF7E00859063 /* ZCWModelJson */,
				2C4769E91D5ECF7E00859063 /* ZCWRequestManager.h */,
				2C4769EA1D5ECF7E00859063 /* ZCWRequestManager.m */,
			);
			path = ZCWNetwork;
			sourceTree = "<group>";
		};
		2C4769E71D5ECF7E00859063 /* ZCWModelJson */ = {
			isa = PBXGroup;
			children = (
			);
			path = ZCWModelJson;
			sourceTree = "<group>";
		};
		2C4769EB1D5ECF7E00859063 /* ZCWPageManager */ = {
			isa = PBXGroup;
			children = (
				2CFFE9FC1D6FD8DB00C1EE7D /* ZCWPageManager.h */,
				2CFFE9FD1D6FD8DB00C1EE7D /* ZCWPageManager.m */,
				2C4769EE1D5ECF7E00859063 /* ZCWPageModel.h */,
				2C4769EF1D5ECF7E00859063 /* ZCWPageModel.m */,
			);
			name = ZCWPageManager;
			path = ZCWPageController;
			sourceTree = "<group>";
		};
		2CAE96A81D5C340300E0F33D = {
			isa = PBXGroup;
			children = (
				2CAE96B31D5C340300E0F33D /* ZCWCustomTools */,
				2CAE96CD1D5C340300E0F33D /* ZCWCustomToolsTests */,
				2CAE96D81D5C340300E0F33D /* ZCWCustomToolsUITests */,
				2CAE96B21D5C340300E0F33D /* Products */,
				39396D156D1AB2F5893FA749 /* Pods */,
				7FC6727741FA4EA23362928F /* Frameworks */,
			);
			sourceTree = "<group>";
		};
		2CAE96B21D5C340300E0F33D /* Products */ = {
			isa = PBXGroup;
			children = (
				2CAE96B11D5C340300E0F33D /* ZCWCustomTools.app */,
				2CAE96CA1D5C340300E0F33D /* ZCWCustomToolsTests.xctest */,
				2CAE96D51D5C340300E0F33D /* ZCWCustomToolsUITests.xctest */,
			);
			name = Products;
			sourceTree = "<group>";
		};
		2CAE96B31D5C340300E0F33D /* ZCWCustomTools */ = {
			isa = PBXGroup;
			children = (
				2C4769A11D5ECE0300859063 /* Class */,
				2CAE96B71D5C340300E0F33D /* AppDelegate.h */,
				2CAE96B81D5C340300E0F33D /* AppDelegate.m */,
				2CAE96BA1D5C340300E0F33D /* ViewController.h */,
				2CAE96BB1D5C340300E0F33D /* ViewController.m */,
				2CAE96BD1D5C340300E0F33D /* Main.storyboard */,
				2CAE96C01D5C340300E0F33D /* Assets.xcassets */,
				2CAE96C21D5C340300E0F33D /* LaunchScreen.storyboard */,
				2CAE96C51D5C340300E0F33D /* Info.plist */,
				2CAE96B41D5C340300E0F33D /* Supporting Files */,
			);
			path = ZCWCustomTools;
			sourceTree = "<group>";
		};
		2CAE96B41D5C340300E0F33D /* Supporting Files */ = {
			isa = PBXGroup;
			children = (
				2CAE96B51D5C340300E0F33D /* main.m */,
			);
			name = "Supporting Files";
			sourceTree = "<group>";
		};
		2CAE96CD1D5C340300E0F33D /* ZCWCustomToolsTests */ = {
			isa = PBXGroup;
			children = (
				2CAE96CE1D5C340300E0F33D /* ZCWCustomToolsTests.m */,
				2CAE96D01D5C340300E0F33D /* Info.plist */,
			);
			path = ZCWCustomToolsTests;
			sourceTree = "<group>";
		};
		2CAE96D81D5C340300E0F33D /* ZCWCustomToolsUITests */ = {
			isa = PBXGroup;
			children = (
				2CAE96D91D5C340300E0F33D /* ZCWCustomToolsUITests.m */,
				2CAE96DB1D5C340300E0F33D /* Info.plist */,
			);
			path = ZCWCustomToolsUITests;
			sourceTree = "<group>";
		};
		2CFFE9F81D6FD77500C1EE7D /* Counter */ = {
			isa = PBXGroup;
			children = (
				2CFFE9F91D6FD77500C1EE7D /* ZCWCounter.h */,
				2CFFE9FA1D6FD77500C1EE7D /* ZCWCounter.m */,
			);
			path = Counter;
			sourceTree = "<group>";
		};
		39396D156D1AB2F5893FA749 /* Pods */ = {
			isa = PBXGroup;
			children = (
				5B966BB41399B1D45EB455CC /* Pods-ZCWCustomTools.debug.xcconfig */,
				099245DBE184480429E47122 /* Pods-ZCWCustomTools.release.xcconfig */,
			);
			name = Pods;
			sourceTree = "<group>";
		};
		7FC6727741FA4EA23362928F /* Frameworks */ = {
			isa = PBXGroup;
			children = (
				2ADC326DFE28719B3DFE88CB /* libPods-ZCWCustomTools.a */,
			);
			name = Frameworks;
			sourceTree = "<group>";
		};
/* End PBXGroup section */

/* Begin PBXNativeTarget section */
		2CAE96B01D5C340300E0F33D /* ZCWCustomTools */ = {
			isa = PBXNativeTarget;
			buildConfigurationList = 2CAE96DE1D5C340300E0F33D /* Build configuration list for PBXNativeTarget "ZCWCustomTools" */;
			buildPhases = (
				0505CA4548CD56787884674E /* [CP] Check Pods Manifest.lock */,
				2CAE96AD1D5C340300E0F33D /* Sources */,
				2CAE96AE1D5C340300E0F33D /* Frameworks */,
				2CAE96AF1D5C340300E0F33D /* Resources */,
				208B7AF469AD2BCA4D35B97F /* [CP] Embed Pods Frameworks */,
				AF07325F1BEE69E343DD6621 /* [CP] Copy Pods Resources */,
			);
			buildRules = (
			);
			dependencies = (
			);
			name = ZCWCustomTools;
			productName = ZCWCustomTools;
			productReference = 2CAE96B11D5C340300E0F33D /* ZCWCustomTools.app */;
			productType = "com.apple.product-type.application";
		};
		2CAE96C91D5C340300E0F33D /* ZCWCustomToolsTests */ = {
			isa = PBXNativeTarget;
			buildConfigurationList = 2CAE96E11D5C340300E0F33D /* Build configuration list for PBXNativeTarget "ZCWCustomToolsTests" */;
			buildPhases = (
				2CAE96C61D5C340300E0F33D /* Sources */,
				2CAE96C71D5C340300E0F33D /* Frameworks */,
				2CAE96C81D5C340300E0F33D /* Resources */,
			);
			buildRules = (
			);
			dependencies = (
				2CAE96CC1D5C340300E0F33D /* PBXTargetDependency */,
			);
			name = ZCWCustomToolsTests;
			productName = ZCWCustomToolsTests;
			productReference = 2CAE96CA1D5C340300E0F33D /* ZCWCustomToolsTests.xctest */;
			productType = "com.apple.product-type.bundle.unit-test";
		};
		2CAE96D41D5C340300E0F33D /* ZCWCustomToolsUITests */ = {
			isa = PBXNativeTarget;
			buildConfigurationList = 2CAE96E41D5C340300E0F33D /* Build configuration list for PBXNativeTarget "ZCWCustomToolsUITests" */;
			buildPhases = (
				2CAE96D11D5C340300E0F33D /* Sources */,
				2CAE96D21D5C340300E0F33D /* Frameworks */,
				2CAE96D31D5C340300E0F33D /* Resources */,
			);
			buildRules = (
			);
			dependencies = (
				2CAE96D71D5C340300E0F33D /* PBXTargetDependency */,
			);
			name = ZCWCustomToolsUITests;
			productName = ZCWCustomToolsUITests;
			productReference = 2CAE96D51D5C340300E0F33D /* ZCWCustomToolsUITests.xctest */;
			productType = "com.apple.product-type.bundle.ui-testing";
		};
/* End PBXNativeTarget section */

/* Begin PBXProject section */
		2CAE96A91D5C340300E0F33D /* Project object */ = {
			isa = PBXProject;
			attributes = {
				CLASSPREFIX = ZCW;
				LastUpgradeCheck = 0730;
				ORGANIZATIONNAME = zhaochangwu;
				TargetAttributes = {
					2CAE96B01D5C340300E0F33D = {
						CreatedOnToolsVersion = 7.3;
					};
					2CAE96C91D5C340300E0F33D = {
						CreatedOnToolsVersion = 7.3;
						TestTargetID = 2CAE96B01D5C340300E0F33D;
					};
					2CAE96D41D5C340300E0F33D = {
						CreatedOnToolsVersion = 7.3;
						TestTargetID = 2CAE96B01D5C340300E0F33D;
					};
				};
			};
			buildConfigurationList = 2CAE96AC1D5C340300E0F33D /* Build configuration list for PBXProject "ZCWCustomTools" */;
			compatibilityVersion = "Xcode 3.2";
			developmentRegion = English;
			hasScannedForEncodings = 0;
			knownRegions = (
				en,
				Base,
			);
			mainGroup = 2CAE96A81D5C340300E0F33D;
			productRefGroup = 2CAE96B21D5C340300E0F33D /* Products */;
			projectDirPath = "";
			projectRoot = "";
			targets = (
				2CAE96B01D5C340300E0F33D /* ZCWCustomTools */,
				2CAE96C91D5C340300E0F33D /* ZCWCustomToolsTests */,
				2CAE96D41D5C340300E0F33D /* ZCWCustomToolsUITests */,
			);
		};
/* End PBXProject section */

/* Begin PBXResourcesBuildPhase section */
		2CAE96AF1D5C340300E0F33D /* Resources */ = {
			isa = PBXResourcesBuildPhase;
			buildActionMask = 2147483647;
			files = (
				2CAE96C41D5C340300E0F33D /* LaunchScreen.storyboard in Resources */,
				2CAE96C11D5C340300E0F33D /* Assets.xcassets in Resources */,
				2CAE96BF1D5C340300E0F33D /* Main.storyboard in Resources */,
			);
			runOnlyForDeploymentPostprocessing = 0;
		};
		2CAE96C81D5C340300E0F33D /* Resources */ = {
			isa = PBXResourcesBuildPhase;
			buildActionMask = 2147483647;
			files = (
			);
			runOnlyForDeploymentPostprocessing = 0;
		};
		2CAE96D31D5C340300E0F33D /* Resources */ = {
			isa = PBXResourcesBuildPhase;
			buildActionMask = 2147483647;
			files = (
			);
			runOnlyForDeploymentPostprocessing = 0;
		};
/* End PBXResourcesBuildPhase section */

/* Begin PBXShellScriptBuildPhase section */
		0505CA4548CD56787884674E /* [CP] Check Pods Manifest.lock */ = {
			isa = PBXShellScriptBuildPhase;
			buildActionMask = 2147483647;
			files = (
			);
			inputPaths = (
			);
			name = "[CP] Check Pods Manifest.lock";
			outputPaths = (
			);
			runOnlyForDeploymentPostprocessing = 0;
			shellPath = /bin/sh;
			shellScript = "diff \"${PODS_ROOT}/../Podfile.lock\" \"${PODS_ROOT}/Manifest.lock\" > /dev/null\nif [ $? != 0 ] ; then\n    # print error to STDERR\n    echo \"error: The sandbox is not in sync with the Podfile.lock. Run 'pod install' or update your CocoaPods installation.\" >&2\n    exit 1\nfi\n";
			showEnvVarsInLog = 0;
		};
		208B7AF469AD2BCA4D35B97F /* [CP] Embed Pods Frameworks */ = {
			isa = PBXShellScriptBuildPhase;
			buildActionMask = 2147483647;
			files = (
			);
			inputPaths = (
			);
			name = "[CP] Embed Pods Frameworks";
			outputPaths = (
			);
			runOnlyForDeploymentPostprocessing = 0;
			shellPath = /bin/sh;
			shellScript = "\"${SRCROOT}/Pods/Target Support Files/Pods-ZCWCustomTools/Pods-ZCWCustomTools-frameworks.sh\"\n";
			showEnvVarsInLog = 0;
		};
		AF07325F1BEE69E343DD6621 /* [CP] Copy Pods Resources */ = {
			isa = PBXShellScriptBuildPhase;
			buildActionMask = 2147483647;
			files = (
			);
			inputPaths = (
			);
			name = "[CP] Copy Pods Resources";
			outputPaths = (
			);
			runOnlyForDeploymentPostprocessing = 0;
			shellPath = /bin/sh;
			shellScript = "\"${SRCROOT}/Pods/Target Support Files/Pods-ZCWCustomTools/Pods-ZCWCustomTools-resources.sh\"\n";
			showEnvVarsInLog = 0;
		};
/* End PBXShellScriptBuildPhase section */

/* Begin PBXSourcesBuildPhase section */
		2CAE96AD1D5C340300E0F33D /* Sources */ = {
			isa = PBXSourcesBuildPhase;
			buildActionMask = 2147483647;
			files = (
				2C4769F11D5ECF7E00859063 /* NSObject+Archiver.m in Sources */,
				2C4769F01D5ECF7E00859063 /* NSDate+Extension.m in Sources */,
				2CAE96BC1D5C340300E0F33D /* ViewController.m in Sources */,
				2C4769F31D5ECF7E00859063 /* NSString+HTMLEntityDecode.m in Sources */,
				2C4769FA1D5ECF7E00859063 /* ZCWRequestManager.m in Sources */,
				2C4769F51D5ECF7E00859063 /* UIColor+Extension.m in Sources */,
				2C4769F61D5ECF7E00859063 /* UIImage+Extension.m in Sources */,
				2C4769F81D5ECF7E00859063 /* UIView+Extension.m in Sources */,
				2C4769F41D5ECF7E00859063 /* UIBarButtonItem+Extension.m in Sources */,
				2C4769FC1D5ECF7E00859063 /* ZCWPageModel.m in Sources */,
				2C4769F71D5ECF7E00859063 /* UIImageView+Extension.m in Sources */,
				2C4769F91D5ECF7E00859063 /* ZCWKeyboardController.m in Sources */,
				2CAE96B91D5C340300E0F33D /* AppDelegate.m in Sources */,
				2CFFE9FE1D6FD8DB00C1EE7D /* ZCWPageManager.m in Sources */,
				2CAE96B61D5C340300E0F33D /* main.m in Sources */,
				2C4769F21D5ECF7E00859063 /* NSObject+Nib.m in Sources */,
				2CFFE9FB1D6FD77500C1EE7D /* ZCWCounter.m in Sources */,
			);
			runOnlyForDeploymentPostprocessing = 0;
		};
		2CAE96C61D5C340300E0F33D /* Sources */ = {
			isa = PBXSourcesBuildPhase;
			buildActionMask = 2147483647;
			files = (
				2CAE96CF1D5C340300E0F33D /* ZCWCustomToolsTests.m in Sources */,
			);
			runOnlyForDeploymentPostprocessing = 0;
		};
		2CAE96D11D5C340300E0F33D /* Sources */ = {
			isa = PBXSourcesBuildPhase;
			buildActionMask = 2147483647;
			files = (
				2CAE96DA1D5C340300E0F33D /* ZCWCustomToolsUITests.m in Sources */,
			);
			runOnlyForDeploymentPostprocessing = 0;
		};
/* End PBXSourcesBuildPhase section */

/* Begin PBXTargetDependency section */
		2CAE96CC1D5C340300E0F33D /* PBXTargetDependency */ = {
			isa = PBXTargetDependency;
			target = 2CAE96B01D5C340300E0F33D /* ZCWCustomTools */;
			targetProxy = 2CAE96CB1D5C340300E0F33D /* PBXContainerItemProxy */;
		};
		2CAE96D71D5C340300E0F33D /* PBXTargetDependency */ = {
			isa = PBXTargetDependency;
			target = 2CAE96B01D5C340300E0F33D /* ZCWCustomTools */;
			targetProxy = 2CAE96D61D5C340300E0F33D /* PBXContainerItemProxy */;
		};
/* End PBXTargetDependency section */

/* Begin PBXVariantGroup section */
		2CAE96BD1D5C340300E0F33D /* Main.storyboard */ = {
			isa = PBXVariantGroup;
			children = (
				2CAE96BE1D5C340300E0F33D /* Base */,
			);
			name = Main.storyboard;
			sourceTree = "<group>";
		};
		2CAE96C21D5C340300E0F33D /* LaunchScreen.storyboard */ = {
			isa = PBXVariantGroup;
			children = (
				2CAE96C31D5C340300E0F33D /* Base */,
			);
			name = LaunchScreen.storyboard;
			sourceTree = "<group>";
		};
/* End PBXVariantGroup section */

/* Begin XCBuildConfiguration section */
		2CAE96DC1D5C340300E0F33D /* Debug */ = {
			isa = XCBuildConfiguration;
			buildSettings = {
				ALWAYS_SEARCH_USER_PATHS = NO;
				CLANG_ANALYZER_NONNULL = YES;
				CLANG_CXX_LANGUAGE_STANDARD = "gnu++0x";
				CLANG_CXX_LIBRARY = "libc++";
				CLANG_ENABLE_MODULES = YES;
				CLANG_ENABLE_OBJC_ARC = YES;
				CLANG_WARN_BOOL_CONVERSION = YES;
				CLANG_WARN_CONSTANT_CONVERSION = YES;
				CLANG_WARN_DIRECT_OBJC_ISA_USAGE = YES_ERROR;
				CLANG_WARN_EMPTY_BODY = YES;
				CLANG_WARN_ENUM_CONVERSION = YES;
				CLANG_WARN_INT_CONVERSION = YES;
				CLANG_WARN_OBJC_ROOT_CLASS = YES_ERROR;
				CLANG_WARN_UNREACHABLE_CODE = YES;
				CLANG_WARN__DUPLICATE_METHOD_MATCH = YES;
				"CODE_SIGN_IDENTITY[sdk=iphoneos*]" = "iPhone Developer";
				COPY_PHASE_STRIP = NO;
				DEBUG_INFORMATION_FORMAT = dwarf;
				ENABLE_STRICT_OBJC_MSGSEND = YES;
				ENABLE_TESTABILITY = YES;
				GCC_C_LANGUAGE_STANDARD = gnu99;
				GCC_DYNAMIC_NO_PIC = NO;
				GCC_NO_COMMON_BLOCKS = YES;
				GCC_OPTIMIZATION_LEVEL = 0;
				GCC_PREPROCESSOR_DEFINITIONS = (
					"DEBUG=1",
					"$(inherited)",
				);
				GCC_WARN_64_TO_32_BIT_CONVERSION = YES;
				GCC_WARN_ABOUT_RETURN_TYPE = YES_ERROR;
				GCC_WARN_UNDECLARED_SELECTOR = YES;
				GCC_WARN_UNINITIALIZED_AUTOS = YES_AGGRESSIVE;
				GCC_WARN_UNUSED_FUNCTION = YES;
				GCC_WARN_UNUSED_VARIABLE = YES;
				IPHONEOS_DEPLOYMENT_TARGET = 9.3;
				MTL_ENABLE_DEBUG_INFO = YES;
				ONLY_ACTIVE_ARCH = YES;
				SDKROOT = iphoneos;
				TARGETED_DEVICE_FAMILY = "1,2";
			};
			name = Debug;
		};
		2CAE96DD1D5C340300E0F33D /* Release */ = {
			isa = XCBuildConfiguration;
			buildSettings = {
				ALWAYS_SEARCH_USER_PATHS = NO;
				CLANG_ANALYZER_NONNULL = YES;
				CLANG_CXX_LANGUAGE_STANDARD = "gnu++0x";
				CLANG_CXX_LIBRARY = "libc++";
				CLANG_ENABLE_MODULES = YES;
				CLANG_ENABLE_OBJC_ARC = YES;
				CLANG_WARN_BOOL_CONVERSION = YES;
				CLANG_WARN_CONSTANT_CONVERSION = YES;
				CLANG_WARN_DIRECT_OBJC_ISA_USAGE = YES_ERROR;
				CLANG_WARN_EMPTY_BODY = YES;
				CLANG_WARN_ENUM_CONVERSION = YES;
				CLANG_WARN_INT_CONVERSION = YES;
				CLANG_WARN_OBJC_ROOT_CLASS = YES_ERROR;
				CLANG_WARN_UNREACHABLE_CODE = YES;
				CLANG_WARN__DUPLICATE_METHOD_MATCH = YES;
				"CODE_SIGN_IDENTITY[sdk=iphoneos*]" = "iPhone Developer";
				COPY_PHASE_STRIP = NO;
				DEBUG_INFORMATION_FORMAT = "dwarf-with-dsym";
				ENABLE_NS_ASSERTIONS = NO;
				ENABLE_STRICT_OBJC_MSGSEND = YES;
				GCC_C_LANGUAGE_STANDARD = gnu99;
				GCC_NO_COMMON_BLOCKS = YES;
				GCC_WARN_64_TO_32_BIT_CONVERSION = YES;
				GCC_WARN_ABOUT_RETURN_TYPE = YES_ERROR;
				GCC_WARN_UNDECLARED_SELECTOR = YES;
				GCC_WARN_UNINITIALIZED_AUTOS = YES_AGGRESSIVE;
				GCC_WARN_UNUSED_FUNCTION = YES;
				GCC_WARN_UNUSED_VARIABLE = YES;
				IPHONEOS_DEPLOYMENT_TARGET = 9.3;
				MTL_ENABLE_DEBUG_INFO = NO;
				SDKROOT = iphoneos;
				TARGETED_DEVICE_FAMILY = "1,2";
				VALIDATE_PRODUCT = YES;
			};
			name = Release;
		};
		2CAE96DF1D5C340300E0F33D /* Debug */ = {
			isa = XCBuildConfiguration;
			baseConfigurationReference = 5B966BB41399B1D45EB455CC /* Pods-ZCWCustomTools.debug.xcconfig */;
			buildSettings = {
				ASSETCATALOG_COMPILER_APPICON_NAME = AppIcon;
				INFOPLIST_FILE = ZCWCustomTools/Info.plist;
				IPHONEOS_DEPLOYMENT_TARGET = 8.0;
				LD_RUNPATH_SEARCH_PATHS = "$(inherited) @executable_path/Frameworks";
				PRODUCT_BUNDLE_IDENTIFIER = com.zhaochangwu.ZCWCustomTools;
				PRODUCT_NAME = "$(TARGET_NAME)";
			};
			name = Debug;
		};
		2CAE96E01D5C340300E0F33D /* Release */ = {
			isa = XCBuildConfiguration;
			baseConfigurationReference = 099245DBE184480429E47122 /* Pods-ZCWCustomTools.release.xcconfig */;
			buildSettings = {
				ASSETCATALOG_COMPILER_APPICON_NAME = AppIcon;
				INFOPLIST_FILE = ZCWCustomTools/Info.plist;
				IPHONEOS_DEPLOYMENT_TARGET = 8.0;
				LD_RUNPATH_SEARCH_PATHS = "$(inherited) @executable_path/Frameworks";
				PRODUCT_BUNDLE_IDENTIFIER = com.zhaochangwu.ZCWCustomTools;
				PRODUCT_NAME = "$(TARGET_NAME)";
			};
			name = Release;
		};
		2CAE96E21D5C340300E0F33D /* Debug */ = {
			isa = XCBuildConfiguration;
			buildSettings = {
				BUNDLE_LOADER = "$(TEST_HOST)";
				INFOPLIST_FILE = ZCWCustomToolsTests/Info.plist;
				LD_RUNPATH_SEARCH_PATHS = "$(inherited) @executable_path/Frameworks @loader_path/Frameworks";
				PRODUCT_BUNDLE_IDENTIFIER = com.zhaochangwu.ZCWCustomToolsTests;
				PRODUCT_NAME = "$(TARGET_NAME)";
				TEST_HOST = "$(BUILT_PRODUCTS_DIR)/ZCWCustomTools.app/ZCWCustomTools";
			};
			name = Debug;
		};
		2CAE96E31D5C340300E0F33D /* Release */ = {
			isa = XCBuildConfiguration;
			buildSettings = {
				BUNDLE_LOADER = "$(TEST_HOST)";
				INFOPLIST_FILE = ZCWCustomToolsTests/Info.plist;
				LD_RUNPATH_SEARCH_PATHS = "$(inherited) @executable_path/Frameworks @loader_path/Frameworks";
				PRODUCT_BUNDLE_IDENTIFIER = com.zhaochangwu.ZCWCustomToolsTests;
				PRODUCT_NAME = "$(TARGET_NAME)";
				TEST_HOST = "$(BUILT_PRODUCTS_DIR)/ZCWCustomTools.app/ZCWCustomTools";
			};
			name = Release;
		};
		2CAE96E51D5C340300E0F33D /* Debug */ = {
			isa = XCBuildConfiguration;
			buildSettings = {
				INFOPLIST_FILE = ZCWCustomToolsUITests/Info.plist;
				LD_RUNPATH_SEARCH_PATHS = "$(inherited) @executable_path/Frameworks @loader_path/Frameworks";
				PRODUCT_BUNDLE_IDENTIFIER = com.zhaochangwu.ZCWCustomToolsUITests;
				PRODUCT_NAME = "$(TARGET_NAME)";
				TEST_TARGET_NAME = ZCWCustomTools;
			};
			name = Debug;
		};
		2CAE96E61D5C340300E0F33D /* Release */ = {
			isa = XCBuildConfiguration;
			buildSettings = {
				INFOPLIST_FILE = ZCWCustomToolsUITests/Info.plist;
				LD_RUNPATH_SEARCH_PATHS = "$(inherited) @executable_path/Frameworks @loader_path/Frameworks";
				PRODUCT_BUNDLE_IDENTIFIER = com.zhaochangwu.ZCWCustomToolsUITests;
				PRODUCT_NAME = "$(TARGET_NAME)";
				TEST_TARGET_NAME = ZCWCustomTools;
			};
			name = Release;
		};
/* End XCBuildConfiguration section */

/* Begin XCConfigurationList section */
		2CAE96AC1D5C340300E0F33D /* Build configuration list for PBXProject "ZCWCustomTools" */ = {
			isa = XCConfigurationList;
			buildConfigurations = (
				2CAE96DC1D5C340300E0F33D /* Debug */,
				2CAE96DD1D5C340300E0F33D /* Release */,
			);
			defaultConfigurationIsVisible = 0;
			defaultConfigurationName = Release;
		};
		2CAE96DE1D5C340300E0F33D /* Build configuration list for PBXNativeTarget "ZCWCustomTools" */ = {
			isa = XCConfigurationList;
			buildConfigurations = (
				2CAE96DF1D5C340300E0F33D /* Debug */,
				2CAE96E01D5C340300E0F33D /* Release */,
			);
			defaultConfigurationIsVisible = 0;
			defaultConfigurationName = Release;
		};
		2CAE96E11D5C340300E0F33D /* Build configuration list for PBXNativeTarget "ZCWCustomToolsTests" */ = {
			isa = XCConfigurationList;
			buildConfigurations = (
				2CAE96E21D5C340300E0F33D /* Debug */,
				2CAE96E31D5C340300E0F33D /* Release */,
			);
			defaultConfigurationIsVisible = 0;
			defaultConfigurationName = Release;
		};
		2CAE96E41D5C340300E0F33D /* Build configuration list for PBXNativeTarget "ZCWCustomToolsUITests" */ = {
			isa = XCConfigurationList;
			buildConfigurations = (
				2CAE96E51D5C340300E0F33D /* Debug */,
				2CAE96E61D5C340300E0F33D /* Release */,
			);
			defaultConfigurationIsVisible = 0;
			defaultConfigurationName = Release;
		};
/* End XCConfigurationList section */
	};
	rootObject = 2CAE96A91D5C340300E0F33D /* Project object */;
}
